
Microsoft Visual Studio Solution File, Format Version 12.00
# Visual Studio Version 17
VisualStudioVersion = 17.6.33723.286
MinimumVisualStudioVersion = 10.0.40219.1
Project("{FAE04EC0-301F-11D3-BF4B-00C04F79EFBC}") = "Lab", "Lab\Lab.csproj", "{B9018BE4-A5A5-43A2-89C3-44F920B5E9AD}"
EndProject
Global
	GlobalSection(SolutionConfigurationPlatforms) = preSolution
		Debug|Any CPU = Debug|Any CPU
		Release|Any CPU = Release|Any CPU
	EndGlobalSection
	GlobalSection(ProjectConfigurationPlatforms) = postSolution
		{B9018BE4-A5A5-43A2-89C3-44F920B5E9AD}.Debug|Any CPU.ActiveCfg = Debug|Any CPU
		{B9018BE4-A5A5-43A2-89C3-44F920B5E9AD}.Debug|Any CPU.Build.0 = Debug|Any CPU
		{B9018BE4-A5A5-43A2-89C3-44F920B5E9AD}.Release|Any CPU.ActiveCfg = Release|Any CPU
		{B9018BE4-A5A5-43A2-89C3-44F920B5E9AD}.Release|Any CPU.Build.0 = Release|Any CPU
	EndGlobalSection
	GlobalSection(SolutionProperties) = preSolution
		HideSolutionNode = FALSE
	EndGlobalSection
	GlobalSection(ExtensibilityGlobals) = postSolution
		SolutionGuid = {ABB9F3A3-71CD-4D0C-A1C8-48182F6943CE}
	EndGlobalSection
EndGlobal
